// !$*UTF8*$!
{
	archiveVersion = 1;
	classes = {
	};
	objectVersion = 50;
	objects = {

/* Begin PBXBuildFile section */
		EA4A667F2444904700B6ED51 /* AppDelegate.swift in Sources */ = {isa = PBXBuildFile; fileRef = EA4A667E2444904700B6ED51 /* AppDelegate.swift */; };
		EA4A66812444904700B6ED51 /* SceneDelegate.swift in Sources */ = {isa = PBXBuildFile; fileRef = EA4A66802444904700B6ED51 /* SceneDelegate.swift */; };
		EA4A66832444904700B6ED51 /* ContentView.swift in Sources */ = {isa = PBXBuildFile; fileRef = EA4A66822444904700B6ED51 /* ContentView.swift */; };
		EA4A66852444904800B6ED51 /* Assets.xcassets in Resources */ = {isa = PBXBuildFile; fileRef = EA4A66842444904800B6ED51 /* Assets.xcassets */; };
		EA4A66882444904800B6ED51 /* Preview Assets.xcassets in Resources */ = {isa = PBXBuildFile; fileRef = EA4A66872444904800B6ED51 /* Preview Assets.xcassets */; };
		EA4A668B2444904800B6ED51 /* LaunchScreen.storyboard in Resources */ = {isa = PBXBuildFile; fileRef = EA4A66892444904800B6ED51 /* LaunchScreen.storyboard */; };
		EA4A66962444904900B6ED51 /* LandmarksTests.swift in Sources */ = {isa = PBXBuildFile; fileRef = EA4A66952444904900B6ED51 /* LandmarksTests.swift */; };
		EA4A66A12444904900B6ED51 /* LandmarksUITests.swift in Sources */ = {isa = PBXBuildFile; fileRef = EA4A66A02444904900B6ED51 /* LandmarksUITests.swift */; };
		EA4A66AF2445F32C00B6ED51 /* CircleImage.swift in Sources */ = {isa = PBXBuildFile; fileRef = EA4A66AE2445F32C00B6ED51 /* CircleImage.swift */; };
/* End PBXBuildFile section */

/* Begin PBXContainerItemProxy section */
		EA4A66922444904900B6ED51 /* PBXContainerItemProxy */ = {
			isa = PBXContainerItemProxy;
			containerPortal = EA4A66732444904700B6ED51 /* Project object */;
			proxyType = 1;
			remoteGlobalIDString = EA4A667A2444904700B6ED51;
			remoteInfo = Landmarks;
		};
		EA4A669D2444904900B6ED51 /* PBXContainerItemProxy */ = {
			isa = PBXContainerItemProxy;
			containerPortal = EA4A66732444904700B6ED51 /* Project object */;
			proxyType = 1;
			remoteGlobalIDString = EA4A667A2444904700B6ED51;
			remoteInfo = Landmarks;
		};
/* End PBXContainerItemProxy section */

/* Begin PBXFileReference section */
		EA4A667B2444904700B6ED51 /* Landmarks.app */ = {isa = PBXFileReference; explicitFileType = wrapper.application; includeInIndex = 0; path = Landmarks.app; sourceTree = BUILT_PRODUCTS_DIR; };
		EA4A667E2444904700B6ED51 /* AppDelegate.swift */ = {isa = PBXFileReference; lastKnownFileType = sourcecode.swift; path = AppDelegate.swift; sourceTree = "<group>"; };
		EA4A66802444904700B6ED51 /* SceneDelegate.swift */ = {isa = PBXFileReference; lastKnownFileType = sourcecode.swift; path = SceneDelegate.swift; sourceTree = "<group>"; };
		EA4A66822444904700B6ED51 /* ContentView.swift */ = {isa = PBXFileReference; lastKnownFileType = sourcecode.swift; path = ContentView.swift; sourceTree = "<group>"; };
		EA4A66842444904800B6ED51 /* Assets.xcassets */ = {isa = PBXFileReference; lastKnownFileType = folder.assetcatalog; path = Assets.xcassets; sourceTree = "<group>"; };
		EA4A66872444904800B6ED51 /* Preview Assets.xcassets */ = {isa = PBXFileReference; lastKnownFileType = folder.assetcatalog; path = "Preview Assets.xcassets"; sourceTree = "<group>"; };
		EA4A668A2444904800B6ED51 /* Base */ = {isa = PBXFileReference; lastKnownFileType = file.storyboard; name = Base; path = Base.lproj/LaunchScreen.storyboard; sourceTree = "<group>"; };
		EA4A668C2444904800B6ED51 /* Info.plist */ = {isa = PBXFileReference; lastKnownFileType = text.plist.xml; path = Info.plist; sourceTree = "<group>"; };
		EA4A66912444904900B6ED51 /* LandmarksTests.xctest */ = {isa = PBXFileReference; explicitFileType = wrapper.cfbundle; includeInIndex = 0; path = LandmarksTests.xctest; sourceTree = BUILT_PRODUCTS_DIR; };
		EA4A66952444904900B6ED51 /* LandmarksTests.swift */ = {isa = PBXFileReference; lastKnownFileType = sourcecode.swift; path = LandmarksTests.swift; sourceTree = "<group>"; };
		EA4A66972444904900B6ED51 /* Info.plist */ = {isa = PBXFileReference; lastKnownFileType = text.plist.xml; path = Info.plist; sourceTree = "<group>"; };
		EA4A669C2444904900B6ED51 /* LandmarksUITests.xctest */ = {isa = PBXFileReference; explicitFileType = wrapper.cfbundle; includeInIndex = 0; path = LandmarksUITests.xctest; sourceTree = BUILT_PRODUCTS_DIR; };
		EA4A66A02444904900B6ED51 /* LandmarksUITests.swift */ = {isa = PBXFileReference; lastKnownFileType = sourcecode.swift; path = LandmarksUITests.swift; sourceTree = "<group>"; };
		EA4A66A22444904900B6ED51 /* Info.plist */ = {isa = PBXFileReference; lastKnownFileType = text.plist.xml; path = Info.plist; sourceTree = "<group>"; };
		EA4A66AE2445F32C00B6ED51 /* CircleImage.swift */ = {isa = PBXFileReference; lastKnownFileType = sourcecode.swift; path = CircleImage.swift; sourceTree = "<group>"; };
/* End PBXFileReference section */

/* Begin PBXFrameworksBuildPhase section */
		EA4A66782444904700B6ED51 /* Frameworks */ = {
			isa = PBXFrameworksBuildPhase;
			buildActionMask = 2147483647;
			files = (
			);
			runOnlyForDeploymentPostprocessing = 0;
		};
		EA4A668E2444904900B6ED51 /* Frameworks */ = {
			isa = PBXFrameworksBuildPhase;
			buildActionMask = 2147483647;
			files = (
			);
			runOnlyForDeploymentPostprocessing = 0;
		};
		EA4A66992444904900B6ED51 /* Frameworks */ = {
			isa = PBXFrameworksBuildPhase;
			buildActionMask = 2147483647;
			files = (
			);
			runOnlyForDeploymentPostprocessing = 0;
		};
/* End PBXFrameworksBuildPhase section */

/* Begin PBXGroup section */
		EA4A66722444904700B6ED51 = {
			isa = PBXGroup;
			children = (
				EA4A667D2444904700B6ED51 /* Landmarks */,
				EA4A66942444904900B6ED51 /* LandmarksTests */,
				EA4A669F2444904900B6ED51 /* LandmarksUITests */,
				EA4A667C2444904700B6ED51 /* Products */,
			);
			sourceTree = "<group>";
		};
		EA4A667C2444904700B6ED51 /* Products */ = {
			isa = PBXGroup;
			children = (
				EA4A667B2444904700B6ED51 /* Landmarks.app */,
				EA4A66912444904900B6ED51 /* LandmarksTests.xctest */,
				EA4A669C2444904900B6ED51 /* LandmarksUITests.xctest */,
			);
			name = Products;
			sourceTree = "<group>";
		};
		EA4A667D2444904700B6ED51 /* Landmarks */ = {
			isa = PBXGroup;
			children = (
				EA4A667E2444904700B6ED51 /* AppDelegate.swift */,
				EA4A66802444904700B6ED51 /* SceneDelegate.swift */,
				EA4A66822444904700B6ED51 /* ContentView.swift */,
				EA4A66AE2445F32C00B6ED51 /* CircleImage.swift */,
				EA4A66842444904800B6ED51 /* Assets.xcassets */,
				EA4A66892444904800B6ED51 /* LaunchScreen.storyboard */,
				EA4A668C2444904800B6ED51 /* Info.plist */,
				EA4A66862444904800B6ED51 /* Preview Content */,
			);
			path = Landmarks;
			sourceTree = "<group>";
		};
		EA4A66862444904800B6ED51 /* Preview Content */ = {
			isa = PBXGroup;
			children = (
				EA4A66872444904800B6ED51 /* Preview Assets.xcassets */,
			);
			path = "Preview Content";
			sourceTree = "<group>";
		};
		EA4A66942444904900B6ED51 /* LandmarksTests */ = {
			isa = PBXGroup;
			children = (
				EA4A66952444904900B6ED51 /* LandmarksTests.swift */,
				EA4A66972444904900B6ED51 /* Info.plist */,
			);
			path = LandmarksTests;
			sourceTree = "<group>";
		};
		EA4A669F2444904900B6ED51 /* LandmarksUITests */ = {
			isa = PBXGroup;
			children = (
				EA4A66A02444904900B6ED51 /* LandmarksUITests.swift */,
				EA4A66A22444904900B6ED51 /* Info.plist */,
			);
			path = LandmarksUITests;
			sourceTree = "<group>";
		};
/* End PBXGroup section */

/* Begin PBXNativeTarget section */
		EA4A667A2444904700B6ED51 /* Landmarks */ = {
			isa = PBXNativeTarget;
			buildConfigurationList = EA4A66A52444904900B6ED51 /* Build configuration list for PBXNativeTarget "Landmarks" */;
			buildPhases = (
				EA4A66772444904700B6ED51 /* Sources */,
				EA4A66782444904700B6ED51 /* Frameworks */,
				EA4A66792444904700B6ED51 /* Resources */,
			);
			buildRules = (
			);
			dependencies = (
			);
			name = Landmarks;
			productName = Landmarks;
			productReference = EA4A667B2444904700B6ED51 /* Landmarks.app */;
			productType = "com.apple.product-type.application";
		};
		EA4A66902444904900B6ED51 /* LandmarksTests */ = {
			isa = PBXNativeTarget;
			buildConfigurationList = EA4A66A82444904900B6ED51 /* Build configuration list for PBXNativeTarget "LandmarksTests" */;
			buildPhases = (
				EA4A668D2444904900B6ED51 /* Sources */,
				EA4A668E2444904900B6ED51 /* Frameworks */,
				EA4A668F2444904900B6ED51 /* Resources */,
			);
			buildRules = (
			);
			dependencies = (
				EA4A66932444904900B6ED51 /* PBXTargetDependency */,
			);
			name = LandmarksTests;
			productName = LandmarksTests;
			productReference = EA4A66912444904900B6ED51 /* LandmarksTests.xctest */;
			productType = "com.apple.product-type.bundle.unit-test";
		};
		EA4A669B2444904900B6ED51 /* LandmarksUITests */ = {
			isa = PBXNativeTarget;
			buildConfigurationList = EA4A66AB2444904900B6ED51 /* Build configuration list for PBXNativeTarget "LandmarksUITests" */;
			buildPhases = (
				EA4A66982444904900B6ED51 /* Sources */,
				EA4A66992444904900B6ED51 /* Frameworks */,
				EA4A669A2444904900B6ED51 /* Resources */,
			);
			buildRules = (
			);
			dependencies = (
				EA4A669E2444904900B6ED51 /* PBXTargetDependency */,
			);
			name = LandmarksUITests;
			productName = LandmarksUITests;
			productReference = EA4A669C2444904900B6ED51 /* LandmarksUITests.xctest */;
			productType = "com.apple.product-type.bundle.ui-testing";
		};
/* End PBXNativeTarget section */

/* Begin PBXProject section */
		EA4A66732444904700B6ED51 /* Project object */ = {
			isa = PBXProject;
			attributes = {
				LastSwiftUpdateCheck = 1140;
				LastUpgradeCheck = 1140;
				ORGANIZATIONNAME = "Hyunseung Choi";
				TargetAttributes = {
					EA4A667A2444904700B6ED51 = {
						CreatedOnToolsVersion = 11.4;
					};
					EA4A66902444904900B6ED51 = {
						CreatedOnToolsVersion = 11.4;
						TestTargetID = EA4A667A2444904700B6ED51;
					};
					EA4A669B2444904900B6ED51 = {
						CreatedOnToolsVersion = 11.4;
						TestTargetID = EA4A667A2444904700B6ED51;
					};
				};
			};
			buildConfigurationList = EA4A66762444904700B6ED51 /* Build configuration list for PBXProject "Landmarks" */;
			compatibilityVersion = "Xcode 9.3";
			developmentRegion = en;
			hasScannedForEncodings = 0;
			knownRegions = (
				en,
				Base,
			);
			mainGroup = EA4A66722444904700B6ED51;
			productRefGroup = EA4A667C2444904700B6ED51 /* Products */;
			projectDirPath = "";
			projectRoot = "";
			targets = (
				EA4A667A2444904700B6ED51 /* Landmarks */,
				EA4A66902444904900B6ED51 /* LandmarksTests */,
				EA4A669B2444904900B6ED51 /* LandmarksUITests */,
			);
		};
/* End PBXProject section */

/* Begin PBXResourcesBuildPhase section */
		EA4A66792444904700B6ED51 /* Resources */ = {
			isa = PBXResourcesBuildPhase;
			buildActionMask = 2147483647;
			files = (
				EA4A668B2444904800B6ED51 /* LaunchScreen.storyboard in Resources */,
				EA4A66882444904800B6ED51 /* Preview Assets.xcassets in Resources */,
				EA4A66852444904800B6ED51 /* Assets.xcassets in Resources */,
			);
			runOnlyForDeploymentPostprocessing = 0;
		};
		EA4A668F2444904900B6ED51 /* Resources */ = {
			isa = PBXResourcesBuildPhase;
			buildActionMask = 2147483647;
			files = (
			);
			runOnlyForDeploymentPostprocessing = 0;
		};
		EA4A669A2444904900B6ED51 /* Resources */ = {
			isa = PBXResourcesBuildPhase;
			buildActionMask = 2147483647;
			files = (
			);
			runOnlyForDeploymentPostprocessing = 0;
		};
/* End PBXResourcesBuildPhase section */

/* Begin PBXSourcesBuildPhase section */
		EA4A66772444904700B6ED51 /* Sources */ = {
			isa = PBXSourcesBuildPhase;
			buildActionMask = 2147483647;
			files = (
				EA4A667F2444904700B6ED51 /* AppDelegate.swift in Sources */,
				EA4A66AF2445F32C00B6ED51 /* CircleImage.swift in Sources */,
				EA4A66812444904700B6ED51 /* SceneDelegate.swift in Sources */,
				EA4A66832444904700B6ED51 /* ContentView.swift in Sources */,
			);
			runOnlyForDeploymentPostprocessing = 0;
		};
		EA4A668D2444904900B6ED51 /* Sources */ = {
			isa = PBXSourcesBuildPhase;
			buildActionMask = 2147483647;
			files = (
				EA4A66962444904900B6ED51 /* LandmarksTests.swift in Sources */,
			);
			runOnlyForDeploymentPostprocessing = 0;
		};
		EA4A66982444904900B6ED51 /* Sources */ = {
			isa = PBXSourcesBuildPhase;
			buildActionMask = 2147483647;
			files = (
				EA4A66A12444904900B6ED51 /* LandmarksUITests.swift in Sources */,
			);
			runOnlyForDeploymentPostprocessing = 0;
		};
/* End PBXSourcesBuildPhase section */

/* Begin PBXTargetDependency section */
		EA4A66932444904900B6ED51 /* PBXTargetDependency */ = {
			isa = PBXTargetDependency;
			target = EA4A667A2444904700B6ED51 /* Landmarks */;
			targetProxy = EA4A66922444904900B6ED51 /* PBXContainerItemProxy */;
		};
		EA4A669E2444904900B6ED51 /* PBXTargetDependency */ = {
			isa = PBXTargetDependency;
			target = EA4A667A2444904700B6ED51 /* Landmarks */;
			targetProxy = EA4A669D2444904900B6ED51 /* PBXContainerItemProxy */;
		};
/* End PBXTargetDependency section */

/* Begin PBXVariantGroup section */
		EA4A66892444904800B6ED51 /* LaunchScreen.storyboard */ = {
			isa = PBXVariantGroup;
			children = (
				EA4A668A2444904800B6ED51 /* Base */,
			);
			name = LaunchScreen.storyboard;
			sourceTree = "<group>";
		};
/* End PBXVariantGroup section */

/* Begin XCBuildConfiguration section */
		EA4A66A32444904900B6ED51 /* Debug */ = {
			isa = XCBuildConfiguration;
			buildSettings = {
				ALWAYS_SEARCH_USER_PATHS = NO;
				CLANG_ANALYZER_NONNULL = YES;
				CLANG_ANALYZER_NUMBER_OBJECT_CONVERSION = YES_AGGRESSIVE;
				CLANG_CXX_LANGUAGE_STANDARD = "gnu++14";
				CLANG_CXX_LIBRARY = "libc++";
				CLANG_ENABLE_MODULES = YES;
				CLANG_ENABLE_OBJC_ARC = YES;
				CLANG_ENABLE_OBJC_WEAK = YES;
				CLANG_WARN_BLOCK_CAPTURE_AUTORELEASING = YES;
				CLANG_WARN_BOOL_CONVERSION = YES;
				CLANG_WARN_COMMA = YES;
				CLANG_WARN_CONSTANT_CONVERSION = YES;
				CLANG_WARN_DEPRECATED_OBJC_IMPLEMENTATIONS = YES;
				CLANG_WARN_DIRECT_OBJC_ISA_USAGE = YES_ERROR;
				CLANG_WARN_DOCUMENTATION_COMMENTS = YES;
				CLANG_WARN_EMPTY_BODY = YES;
				CLANG_WARN_ENUM_CONVERSION = YES;
				CLANG_WARN_INFINITE_RECURSION = YES;
				CLANG_WARN_INT_CONVERSION = YES;
				CLANG_WARN_NON_LITERAL_NULL_CONVERSION = YES;
				CLANG_WARN_OBJC_IMPLICIT_RETAIN_SELF = YES;
				CLANG_WARN_OBJC_LITERAL_CONVERSION = YES;
				CLANG_WARN_OBJC_ROOT_CLASS = YES_ERROR;
				CLANG_WARN_RANGE_LOOP_ANALYSIS = YES;
				CLANG_WARN_STRICT_PROTOTYPES = YES;
				CLANG_WARN_SUSPICIOUS_MOVE = YES;
				CLANG_WARN_UNGUARDED_AVAILABILITY = YES_AGGRESSIVE;
				CLANG_WARN_UNREACHABLE_CODE = YES;
				CLANG_WARN__DUPLICATE_METHOD_MATCH = YES;
				COPY_PHASE_STRIP = NO;
				DEBUG_INFORMATION_FORMAT = dwarf;
				ENABLE_STRICT_OBJC_MSGSEND = YES;
				ENABLE_TESTABILITY = YES;
				GCC_C_LANGUAGE_STANDARD = gnu11;
				GCC_DYNAMIC_NO_PIC = NO;
				GCC_NO_COMMON_BLOCKS = YES;
				GCC_OPTIMIZATION_LEVEL = 0;
				GCC_PREPROCESSOR_DEFINITIONS = (
					"DEBUG=1",
					"$(inherited)",
				);
				GCC_WARN_64_TO_32_BIT_CONVERSION = YES;
				GCC_WARN_ABOUT_RETURN_TYPE = YES_ERROR;
				GCC_WARN_UNDECLARED_SELECTOR = YES;
				GCC_WARN_UNINITIALIZED_AUTOS = YES_AGGRESSIVE;
				GCC_WARN_UNUSED_FUNCTION = YES;
				GCC_WARN_UNUSED_VARIABLE = YES;
				IPHONEOS_DEPLOYMENT_TARGET = 13.4;
				MTL_ENABLE_DEBUG_INFO = INCLUDE_SOURCE;
				MTL_FAST_MATH = YES;
				ONLY_ACTIVE_ARCH = YES;
				SDKROOT = iphoneos;
				SWIFT_ACTIVE_COMPILATION_CONDITIONS = DEBUG;
				SWIFT_OPTIMIZATION_LEVEL = "-Onone";
			};
			name = Debug;
		};
		EA4A66A42444904900B6ED51 /* Release */ = {
			isa = XCBuildConfiguration;
			buildSettings = {
				ALWAYS_SEARCH_USER_PATHS = NO;
				CLANG_ANALYZER_NONNULL = YES;
				CLANG_ANALYZER_NUMBER_OBJECT_CONVERSION = YES_AGGRESSIVE;
				CLANG_CXX_LANGUAGE_STANDARD = "gnu++14";
				CLANG_CXX_LIBRARY = "libc++";
				CLANG_ENABLE_MODULES = YES;
				CLANG_ENABLE_OBJC_ARC = YES;
				CLANG_ENABLE_OBJC_WEAK = YES;
				CLANG_WARN_BLOCK_CAPTURE_AUTORELEASING = YES;
				CLANG_WARN_BOOL_CONVERSION = YES;
				CLANG_WARN_COMMA = YES;
				CLANG_WARN_CONSTANT_CONVERSION = YES;
				CLANG_WARN_DEPRECATED_OBJC_IMPLEMENTATIONS = YES;
				CLANG_WARN_DIRECT_OBJC_ISA_USAGE = YES_ERROR;
				CLANG_WARN_DOCUMENTATION_COMMENTS = YES;
				CLANG_WARN_EMPTY_BODY = YES;
				CLANG_WARN_ENUM_CONVERSION = YES;
				CLANG_WARN_INFINITE_RECURSION = YES;
				CLANG_WARN_INT_CONVERSION = YES;
				CLANG_WARN_NON_LITERAL_NULL_CONVERSION = YES;
				CLANG_WARN_OBJC_IMPLICIT_RETAIN_SELF = YES;
				CLANG_WARN_OBJC_LITERAL_CONVERSION = YES;
				CLANG_WARN_OBJC_ROOT_CLASS = YES_ERROR;
				CLANG_WARN_RANGE_LOOP_ANALYSIS = YES;
				CLANG_WARN_STRICT_PROTOTYPES = YES;
				CLANG_WARN_SUSPICIOUS_MOVE = YES;
				CLANG_WARN_UNGUARDED_AVAILABILITY = YES_AGGRESSIVE;
				CLANG_WARN_UNREACHABLE_CODE = YES;
				CLANG_WARN__DUPLICATE_METHOD_MATCH = YES;
				COPY_PHASE_STRIP = NO;
				DEBUG_INFORMATION_FORMAT = "dwarf-with-dsym";
				ENABLE_NS_ASSERTIONS = NO;
				ENABLE_STRICT_OBJC_MSGSEND = YES;
				GCC_C_LANGUAGE_STANDARD = gnu11;
				GCC_NO_COMMON_BLOCKS = YES;
				GCC_WARN_64_TO_32_BIT_CONVERSION = YES;
				GCC_WARN_ABOUT_RETURN_TYPE = YES_ERROR;
				GCC_WARN_UNDECLARED_SELECTOR = YES;
				GCC_WARN_UNINITIALIZED_AUTOS = YES_AGGRESSIVE;
				GCC_WARN_UNUSED_FUNCTION = YES;
				GCC_WARN_UNUSED_VARIABLE = YES;
				IPHONEOS_DEPLOYMENT_TARGET = 13.4;
				MTL_ENABLE_DEBUG_INFO = NO;
				MTL_FAST_MATH = YES;
				SDKROOT = iphoneos;
				SWIFT_COMPILATION_MODE = wholemodule;
				SWIFT_OPTIMIZATION_LEVEL = "-O";
				VALIDATE_PRODUCT = YES;
			};
			name = Release;
		};
		EA4A66A62444904900B6ED51 /* Debug */ = {
			isa = XCBuildConfiguration;
			buildSettings = {
				ASSETCATALOG_COMPILER_APPICON_NAME = AppIcon;
				CODE_SIGN_STYLE = Automatic;
				DEVELOPMENT_ASSET_PATHS = "\"Landmarks/Preview Content\"";
				DEVELOPMENT_TEAM = QHZYDWRJ4A;
				ENABLE_PREVIEWS = YES;
				INFOPLIST_FILE = Landmarks/Info.plist;
				LD_RUNPATH_SEARCH_PATHS = (
					"$(inherited)",
					"@executable_path/Frameworks",
				);
				PRODUCT_BUNDLE_IDENTIFIER = brokoli.Landmarks;
				PRODUCT_NAME = "$(TARGET_NAME)";
				SWIFT_VERSION = 5.0;
				TARGETED_DEVICE_FAMILY = "1,2";
			};
			name = Debug;
		};
		EA4A66A72444904900B6ED51 /* Release */ = {
			isa = XCBuildConfiguration;
			buildSettings = {
				ASSETCATALOG_COMPILER_APPICON_NAME = AppIcon;
				CODE_SIGN_STYLE = Automatic;
				DEVELOPMENT_ASSET_PATHS = "\"Landmarks/Preview Content\"";
				DEVELOPMENT_TEAM = QHZYDWRJ4A;
				ENABLE_PREVIEWS = YES;
				INFOPLIST_FILE = Landmarks/Info.plist;
				LD_RUNPATH_SEARCH_PATHS = (
					"$(inherited)",
					"@executable_path/Frameworks",
				);
				PRODUCT_BUNDLE_IDENTIFIER = brokoli.Landmarks;
				PRODUCT_NAME = "$(TARGET_NAME)";
				SWIFT_VERSION = 5.0;
				TARGETED_DEVICE_FAMILY = "1,2";
			};
			name = Release;
		};
		EA4A66A92444904900B6ED51 /* Debug */ = {
			isa = XCBuildConfiguration;
			buildSettings = {
				ALWAYS_EMBED_SWIFT_STANDARD_LIBRARIES = YES;
				BUNDLE_LOADER = "$(TEST_HOST)";
				CODE_SIGN_STYLE = Automatic;
				DEVELOPMENT_TEAM = QHZYDWRJ4A;
				INFOPLIST_FILE = LandmarksTests/Info.plist;
				IPHONEOS_DEPLOYMENT_TARGET = 13.4;
				LD_RUNPATH_SEARCH_PATHS = (
					"$(inherited)",
					"@executable_path/Frameworks",
					"@loader_path/Frameworks",
				);
				PRODUCT_BUNDLE_IDENTIFIER = brokoli.LandmarksTests;
				PRODUCT_NAME = "$(TARGET_NAME)";
				SWIFT_VERSION = 5.0;
				TARGETED_DEVICE_FAMILY = "1,2";
				TEST_HOST = "$(BUILT_PRODUCTS_DIR)/Landmarks.app/Landmarks";
			};
			name = Debug;
		};
		EA4A66AA2444904900B6ED51 /* Release */ = {
			isa = XCBuildConfiguration;
			buildSettings = {
				ALWAYS_EMBED_SWIFT_STANDARD_LIBRARIES = YES;
				BUNDLE_LOADER = "$(TEST_HOST)";
				CODE_SIGN_STYLE = Automatic;
				DEVELOPMENT_TEAM = QHZYDWRJ4A;
				INFOPLIST_FILE = LandmarksTests/Info.plist;
				IPHONEOS_DEPLOYMENT_TARGET = 13.4;
				LD_RUNPATH_SEARCH_PATHS = (
					"$(inherited)",
					"@executable_path/Frameworks",
					"@loader_path/Frameworks",
				);
				PRODUCT_BUNDLE_IDENTIFIER = brokoli.LandmarksTests;
				PRODUCT_NAME = "$(TARGET_NAME)";
				SWIFT_VERSION = 5.0;
				TARGETED_DEVICE_FAMILY = "1,2";
				TEST_HOST = "$(BUILT_PRODUCTS_DIR)/Landmarks.app/Landmarks";
			};
			name = Release;
		};
		EA4A66AC2444904900B6ED51 /* Debug */ = {
			isa = XCBuildConfiguration;
			buildSettings = {
				ALWAYS_EMBED_SWIFT_STANDARD_LIBRARIES = YES;
				CODE_SIGN_STYLE = Automatic;
				DEVELOPMENT_TEAM = QHZYDWRJ4A;
				INFOPLIST_FILE = LandmarksUITests/Info.plist;
				LD_RUNPATH_SEARCH_PATHS = (
					"$(inherited)",
					"@executable_path/Frameworks",
					"@loader_path/Frameworks",
				);
				PRODUCT_BUNDLE_IDENTIFIER = brokoli.LandmarksUITests;
				PRODUCT_NAME = "$(TARGET_NAME)";
				SWIFT_VERSION = 5.0;
				TARGETED_DEVICE_FAMILY = "1,2";
				TEST_TARGET_NAME = Landmarks;
			};
			name = Debug;
		};
		EA4A66AD2444904900B6ED51 /* Release */ = {
			isa = XCBuildConfiguration;
			buildSettings = {
				ALWAYS_EMBED_SWIFT_STANDARD_LIBRARIES = YES;
				CODE_SIGN_STYLE = Automatic;
				DEVELOPMENT_TEAM = QHZYDWRJ4A;
				INFOPLIST_FILE = LandmarksUITests/Info.plist;
				LD_RUNPATH_SEARCH_PATHS = (
					"$(inherited)",
					"@executable_path/Frameworks",
					"@loader_path/Frameworks",
				);
				PRODUCT_BUNDLE_IDENTIFIER = brokoli.LandmarksUITests;
				PRODUCT_NAME = "$(TARGET_NAME)";
				SWIFT_VERSION = 5.0;
				TARGETED_DEVICE_FAMILY = "1,2";
				TEST_TARGET_NAME = Landmarks;
			};
			name = Release;
		};
/* End XCBuildConfiguration section */

/* Begin XCConfigurationList section */
		EA4A66762444904700B6ED51 /* Build configuration list for PBXProject "Landmarks" */ = {
			isa = XCConfigurationList;
			buildConfigurations = (
				EA4A66A32444904900B6ED51 /* Debug */,
				EA4A66A42444904900B6ED51 /* Release */,
			);
			defaultConfigurationIsVisible = 0;
			defaultConfigurationName = Release;
		};
		EA4A66A52444904900B6ED51 /* Build configuration list for PBXNativeTarget "Landmarks" */ = {
			isa = XCConfigurationList;
			buildConfigurations = (
				EA4A66A62444904900B6ED51 /* Debug */,
				EA4A66A72444904900B6ED51 /* Release */,
			);
			defaultConfigurationIsVisible = 0;
			defaultConfigurationName = Release;
		};
		EA4A66A82444904900B6ED51 /* Build configuration list for PBXNativeTarget "LandmarksTests" */ = {
			isa = XCConfigurationList;
			buildConfigurations = (
				EA4A66A92444904900B6ED51 /* Debug */,
				EA4A66AA2444904900B6ED51 /* Release */,
			);
			defaultConfigurationIsVisible = 0;
			defaultConfigurationName = Release;
		};
		EA4A66AB2444904900B6ED51 /* Build configuration list for PBXNativeTarget "LandmarksUITests" */ = {
			isa = XCConfigurationList;
			buildConfigurations = (
				EA4A66AC2444904900B6ED51 /* Debug */,
				EA4A66AD2444904900B6ED51 /* Release */,
			);
			defaultConfigurationIsVisible = 0;
			defaultConfigurationName = Release;
		};
/* End XCConfigurationList section */
	};
	rootObject = EA4A66732444904700B6ED51 /* Project object */;
}
